{
    "name": "lexc",
    "version": "1.0.4",
    "lockfileVersion": 2,
    "requires": true,
    "packages": {
        "": {
            "name": "lexc",
            "version": "1.0.4",
            "license": "mit",
            "engines": {
                "vscode": "^1.8.0"
            }
        }
    }
}
